
Microsoft Visual Studio Solution File, Format Version 12.00
# Visual Studio 14
VisualStudioVersion = 14.0.25123.0
MinimumVisualStudioVersion = 10.0.40219.1
Project("{B5264F8F-DCD3-44A2-B3B4-A810A4D017CE}") = "Sitecore.Support.177012", "Sitecore.Support.177012\Sitecore.Support.177012.csproj", "{322835B8-E67D-4CFF-A421-D33E9C1A814C}"
EndProject
Global
	GlobalSection(SolutionConfigurationPlatforms) = preSolution
		Debug|Any CPU = Debug|Any CPU
		Release|Any CPU = Release|Any CPU
	EndGlobalSection
	GlobalSection(ProjectConfigurationPlatforms) = postSolution
		{322835B8-E67D-4CFF-A421-D33E9C1A814C}.Debug|Any CPU.ActiveCfg = Debug|Any CPU
		{322835B8-E67D-4CFF-A421-D33E9C1A814C}.Debug|Any CPU.Build.0 = Debug|Any CPU
		{322835B8-E67D-4CFF-A421-D33E9C1A814C}.Release|Any CPU.ActiveCfg = Release|Any CPU
		{322835B8-E67D-4CFF-A421-D33E9C1A814C}.Release|Any CPU.Build.0 = Release|Any CPU
	EndGlobalSection
	GlobalSection(SolutionProperties) = preSolution
		HideSolutionNode = FALSE
	EndGlobalSection
EndGlobal
